{
  "name": "isomorphic-url",
  "version": "0.0.1",
  "lockfileVersion": 1,
  "requires": true,
  "dependencies": {
    "url-polyfill": {
      "version": "1.0.7",
      "resolved": "https://repos-plm.cornelsen.de:5080/url-polyfill/-/url-polyfill-1.0.7.tgz",
      "integrity": "sha1-nf2VKqbcq4dVw+unxKPbW0GRD/0="
    }
  }
}
